
Microsoft Visual Studio Solution File, Format Version 12.00
# Visual Studio 15
VisualStudioVersion = 15.0.28307.1169
MinimumVisualStudioVersion = 10.0.40219.1
Project("{FAE04EC0-301F-11D3-BF4B-00C04F79EFBC}") = "QL_DiscStore", "QL_DiscStore\QL_DiscStore.csproj", "{F3B5E273-D963-427C-B971-7F51A520046C}"
EndProject
Global
	GlobalSection(SolutionConfigurationPlatforms) = preSolution
		Debug|Any CPU = Debug|Any CPU
		Release|Any CPU = Release|Any CPU
	EndGlobalSection
	GlobalSection(ProjectConfigurationPlatforms) = postSolution
		{F3B5E273-D963-427C-B971-7F51A520046C}.Debug|Any CPU.ActiveCfg = Debug|Any CPU
		{F3B5E273-D963-427C-B971-7F51A520046C}.Debug|Any CPU.Build.0 = Debug|Any CPU
		{F3B5E273-D963-427C-B971-7F51A520046C}.Release|Any CPU.ActiveCfg = Release|Any CPU
		{F3B5E273-D963-427C-B971-7F51A520046C}.Release|Any CPU.Build.0 = Release|Any CPU
	EndGlobalSection
	GlobalSection(SolutionProperties) = preSolution
		HideSolutionNode = FALSE
	EndGlobalSection
	GlobalSection(ExtensibilityGlobals) = postSolution
		SolutionGuid = {DB71EF44-2526-47DB-BC73-485233E8615E}
	EndGlobalSection
EndGlobal
